
Microsoft Visual Studio Solution File, Format Version 12.00
# Visual Studio Version 16
VisualStudioVersion = 16.0.29424.173
MinimumVisualStudioVersion = 10.0.40219.1
Project("{8BC9CEB8-8B4A-11D0-8D11-00A0C91BC942}") = "CS202_pj", "CS202_pj\CS202_pj.vcxproj", "{F80BC113-4528-4F5C-95A8-B2726F397BD6}"
EndProject
Global
	GlobalSection(SolutionConfigurationPlatforms) = preSolution
		Debug|x64 = Debug|x64
		Debug|x86 = Debug|x86
		Release|x64 = Release|x64
		Release|x86 = Release|x86
	EndGlobalSection
	GlobalSection(ProjectConfigurationPlatforms) = postSolution
		{F80BC113-4528-4F5C-95A8-B2726F397BD6}.Debug|x64.ActiveCfg = Debug|x64
		{F80BC113-4528-4F5C-95A8-B2726F397BD6}.Debug|x64.Build.0 = Debug|x64
		{F80BC113-4528-4F5C-95A8-B2726F397BD6}.Debug|x86.ActiveCfg = Debug|Win32
		{F80BC113-4528-4F5C-95A8-B2726F397BD6}.Debug|x86.Build.0 = Debug|Win32
		{F80BC113-4528-4F5C-95A8-B2726F397BD6}.Release|x64.ActiveCfg = Release|x64
		{F80BC113-4528-4F5C-95A8-B2726F397BD6}.Release|x64.Build.0 = Release|x64
		{F80BC113-4528-4F5C-95A8-B2726F397BD6}.Release|x86.ActiveCfg = Release|Win32
		{F80BC113-4528-4F5C-95A8-B2726F397BD6}.Release|x86.Build.0 = Release|Win32
	EndGlobalSection
	GlobalSection(SolutionProperties) = preSolution
		HideSolutionNode = FALSE
	EndGlobalSection
	GlobalSection(ExtensibilityGlobals) = postSolution
		SolutionGuid = {E8C0A3EF-57F1-47B0-A519-9530BEDC96E7}
	EndGlobalSection
EndGlobal
